
Microsoft Visual Studio Solution File, Format Version 12.00
# Visual Studio 15
Project("{FAE04EC0-301F-11D3-BF4B-00C04F79EFBC}") = "Assembly-CSharp", "Assembly-CSharp.csproj", "{50376510-0672-D0AD-3DE0-E0B7102AFDC9}"
EndProject
Project("{FAE04EC0-301F-11D3-BF4B-00C04F79EFBC}") = "Assembly-CSharp-firstpass", "Assembly-CSharp-firstpass.csproj", "{83ABD2DE-57B7-52B7-627E-A9AC5447DE67}"
EndProject
Project("{FAE04EC0-301F-11D3-BF4B-00C04F79EFBC}") = "Assembly-CSharp-Editor-firstpass", "Assembly-CSharp-Editor-firstpass.csproj", "{382D82C7-EA45-7155-2223-F617AB845CD2}"
EndProject
Global
	GlobalSection(SolutionConfigurationPlatforms) = preSolution
		Debug|Any CPU = Debug|Any CPU
		Release|Any CPU = Release|Any CPU
	EndGlobalSection
	GlobalSection(ProjectConfigurationPlatforms) = postSolution
		{50376510-0672-D0AD-3DE0-E0B7102AFDC9}.Debug|Any CPU.ActiveCfg = Debug|Any CPU
		{50376510-0672-D0AD-3DE0-E0B7102AFDC9}.Debug|Any CPU.Build.0 = Debug|Any CPU
		{50376510-0672-D0AD-3DE0-E0B7102AFDC9}.Release|Any CPU.ActiveCfg = Release|Any CPU
		{50376510-0672-D0AD-3DE0-E0B7102AFDC9}.Release|Any CPU.Build.0 = Release|Any CPU
		{83ABD2DE-57B7-52B7-627E-A9AC5447DE67}.Debug|Any CPU.ActiveCfg = Debug|Any CPU
		{83ABD2DE-57B7-52B7-627E-A9AC5447DE67}.Debug|Any CPU.Build.0 = Debug|Any CPU
		{83ABD2DE-57B7-52B7-627E-A9AC5447DE67}.Release|Any CPU.ActiveCfg = Release|Any CPU
		{83ABD2DE-57B7-52B7-627E-A9AC5447DE67}.Release|Any CPU.Build.0 = Release|Any CPU
		{382D82C7-EA45-7155-2223-F617AB845CD2}.Debug|Any CPU.ActiveCfg = Debug|Any CPU
		{382D82C7-EA45-7155-2223-F617AB845CD2}.Debug|Any CPU.Build.0 = Debug|Any CPU
		{382D82C7-EA45-7155-2223-F617AB845CD2}.Release|Any CPU.ActiveCfg = Release|Any CPU
		{382D82C7-EA45-7155-2223-F617AB845CD2}.Release|Any CPU.Build.0 = Release|Any CPU
	EndGlobalSection
	GlobalSection(SolutionProperties) = preSolution
		HideSolutionNode = FALSE
	EndGlobalSection
EndGlobal
